// !$*UTF8*$!
{
	archiveVersion = 1;
	classes = {
	};
	objectVersion = 56;
	objects = {

/* Begin PBXBuildFile section */
		A333A478293C67B100ABE5D0 /* FavoritosViewController.swift in Sources */ = {isa = PBXBuildFile; fileRef = A333A477293C67B000ABE5D0 /* FavoritosViewController.swift */; };
		A333A47A293C69BB00ABE5D0 /* TopRatedViewController.swift in Sources */ = {isa = PBXBuildFile; fileRef = A333A479293C69BB00ABE5D0 /* TopRatedViewController.swift */; };
		A333A47C293C69DF00ABE5D0 /* UpcomingViewController.swift in Sources */ = {isa = PBXBuildFile; fileRef = A333A47B293C69DF00ABE5D0 /* UpcomingViewController.swift */; };
		A355B8DC293C5ACF007E3104 /* FirebaseModel.swift in Sources */ = {isa = PBXBuildFile; fileRef = A355B8DB293C5ACF007E3104 /* FirebaseModel.swift */; };
		A36007EA293ACECF00B1C20F /* AppDelegate.swift in Sources */ = {isa = PBXBuildFile; fileRef = A36007E9293ACECF00B1C20F /* AppDelegate.swift */; };
		A36007EC293ACECF00B1C20F /* SceneDelegate.swift in Sources */ = {isa = PBXBuildFile; fileRef = A36007EB293ACECF00B1C20F /* SceneDelegate.swift */; };
		A36007EE293ACECF00B1C20F /* ViewController.swift in Sources */ = {isa = PBXBuildFile; fileRef = A36007ED293ACECF00B1C20F /* ViewController.swift */; };
		A36007F1293ACECF00B1C20F /* Main.storyboard in Resources */ = {isa = PBXBuildFile; fileRef = A36007EF293ACECF00B1C20F /* Main.storyboard */; };
		A36007F3293ACED100B1C20F /* Assets.xcassets in Resources */ = {isa = PBXBuildFile; fileRef = A36007F2293ACED100B1C20F /* Assets.xcassets */; };
		A36007F6293ACED100B1C20F /* LaunchScreen.storyboard in Resources */ = {isa = PBXBuildFile; fileRef = A36007F4293ACED100B1C20F /* LaunchScreen.storyboard */; };
		A36007FE293ACF5F00B1C20F /* GoogleService-Info.plist in Resources */ = {isa = PBXBuildFile; fileRef = A36007FD293ACF5F00B1C20F /* GoogleService-Info.plist */; };
		A3600801293ACFAB00B1C20F /* FirebaseAuth in Frameworks */ = {isa = PBXBuildFile; productRef = A3600800293ACFAB00B1C20F /* FirebaseAuth */; };
		A3600803293ACFAB00B1C20F /* FirebaseFirestore in Frameworks */ = {isa = PBXBuildFile; productRef = A3600802293ACFAB00B1C20F /* FirebaseFirestore */; };
		A3600805293ACFAB00B1C20F /* FirebaseStorage in Frameworks */ = {isa = PBXBuildFile; productRef = A3600804293ACFAB00B1C20F /* FirebaseStorage */; };
		A3600808293AD12B00B1C20F /* FirebaseViewModel.swift in Sources */ = {isa = PBXBuildFile; fileRef = A3600807293AD12B00B1C20F /* FirebaseViewModel.swift */; };
		A360080B293AD3FC00B1C20F /* HomeViewController.swift in Sources */ = {isa = PBXBuildFile; fileRef = A360080A293AD3FB00B1C20F /* HomeViewController.swift */; };
		A360080D293ADAD200B1C20F /* MenuViewController.swift in Sources */ = {isa = PBXBuildFile; fileRef = A360080C293ADAD200B1C20F /* MenuViewController.swift */; };
		A3600810293AF44700B1C20F /* MovieModel.swift in Sources */ = {isa = PBXBuildFile; fileRef = A360080F293AF44700B1C20F /* MovieModel.swift */; };
		A3600812293AF4A600B1C20F /* MoviesViewModel.swift in Sources */ = {isa = PBXBuildFile; fileRef = A3600811293AF4A600B1C20F /* MoviesViewModel.swift */; };
		A3600816293B0E5F00B1C20F /* HomeMCollectionViewCell.swift in Sources */ = {isa = PBXBuildFile; fileRef = A3600815293B0E5F00B1C20F /* HomeMCollectionViewCell.swift */; };
		A3E9AE1E293BF6AE005C123B /* PeliculaViewController.swift in Sources */ = {isa = PBXBuildFile; fileRef = A3E9AE1D293BF6AE005C123B /* PeliculaViewController.swift */; };
/* End PBXBuildFile section */

/* Begin PBXFileReference section */
		A333A477293C67B000ABE5D0 /* FavoritosViewController.swift */ = {isa = PBXFileReference; lastKnownFileType = sourcecode.swift; path = FavoritosViewController.swift; sourceTree = "<group>"; };
		A333A479293C69BB00ABE5D0 /* TopRatedViewController.swift */ = {isa = PBXFileReference; lastKnownFileType = sourcecode.swift; path = TopRatedViewController.swift; sourceTree = "<group>"; };
		A333A47B293C69DF00ABE5D0 /* UpcomingViewController.swift */ = {isa = PBXFileReference; lastKnownFileType = sourcecode.swift; path = UpcomingViewController.swift; sourceTree = "<group>"; };
		A355B8DB293C5ACF007E3104 /* FirebaseModel.swift */ = {isa = PBXFileReference; lastKnownFileType = sourcecode.swift; path = FirebaseModel.swift; sourceTree = "<group>"; };
		A36007E6293ACECF00B1C20F /* precticaCoppelMo.app */ = {isa = PBXFileReference; explicitFileType = wrapper.application; includeInIndex = 0; path = precticaCoppelMo.app; sourceTree = BUILT_PRODUCTS_DIR; };
		A36007E9293ACECF00B1C20F /* AppDelegate.swift */ = {isa = PBXFileReference; lastKnownFileType = sourcecode.swift; path = AppDelegate.swift; sourceTree = "<group>"; };
		A36007EB293ACECF00B1C20F /* SceneDelegate.swift */ = {isa = PBXFileReference; lastKnownFileType = sourcecode.swift; path = SceneDelegate.swift; sourceTree = "<group>"; };
		A36007ED293ACECF00B1C20F /* ViewController.swift */ = {isa = PBXFileReference; lastKnownFileType = sourcecode.swift; path = ViewController.swift; sourceTree = "<group>"; };
		A36007F0293ACECF00B1C20F /* Base */ = {isa = PBXFileReference; lastKnownFileType = file.storyboard; name = Base; path = Base.lproj/Main.storyboard; sourceTree = "<group>"; };
		A36007F2293ACED100B1C20F /* Assets.xcassets */ = {isa = PBXFileReference; lastKnownFileType = folder.assetcatalog; path = Assets.xcassets; sourceTree = "<group>"; };
		A36007F5293ACED100B1C20F /* Base */ = {isa = PBXFileReference; lastKnownFileType = file.storyboard; name = Base; path = Base.lproj/LaunchScreen.storyboard; sourceTree = "<group>"; };
		A36007F7293ACED100B1C20F /* Info.plist */ = {isa = PBXFileReference; lastKnownFileType = text.plist.xml; path = Info.plist; sourceTree = "<group>"; };
		A36007FD293ACF5F00B1C20F /* GoogleService-Info.plist */ = {isa = PBXFileReference; fileEncoding = 4; lastKnownFileType = text.plist.xml; path = "GoogleService-Info.plist"; sourceTree = "<group>"; };
		A3600807293AD12B00B1C20F /* FirebaseViewModel.swift */ = {isa = PBXFileReference; lastKnownFileType = sourcecode.swift; path = FirebaseViewModel.swift; sourceTree = "<group>"; };
		A360080A293AD3FB00B1C20F /* HomeViewController.swift */ = {isa = PBXFileReference; lastKnownFileType = sourcecode.swift; path = HomeViewController.swift; sourceTree = "<group>"; };
		A360080C293ADAD200B1C20F /* MenuViewController.swift */ = {isa = PBXFileReference; lastKnownFileType = sourcecode.swift; path = MenuViewController.swift; sourceTree = "<group>"; };
		A360080F293AF44700B1C20F /* MovieModel.swift */ = {isa = PBXFileReference; lastKnownFileType = sourcecode.swift; path = MovieModel.swift; sourceTree = "<group>"; };
		A3600811293AF4A600B1C20F /* MoviesViewModel.swift */ = {isa = PBXFileReference; lastKnownFileType = sourcecode.swift; path = MoviesViewModel.swift; sourceTree = "<group>"; };
		A3600815293B0E5F00B1C20F /* HomeMCollectionViewCell.swift */ = {isa = PBXFileReference; lastKnownFileType = sourcecode.swift; path = HomeMCollectionViewCell.swift; sourceTree = "<group>"; };
		A3E9AE1D293BF6AE005C123B /* PeliculaViewController.swift */ = {isa = PBXFileReference; lastKnownFileType = sourcecode.swift; path = PeliculaViewController.swift; sourceTree = "<group>"; };
/* End PBXFileReference section */

/* Begin PBXFrameworksBuildPhase section */
		A36007E3293ACECF00B1C20F /* Frameworks */ = {
			isa = PBXFrameworksBuildPhase;
			buildActionMask = 2147483647;
			files = (
				A3600801293ACFAB00B1C20F /* FirebaseAuth in Frameworks */,
				A3600803293ACFAB00B1C20F /* FirebaseFirestore in Frameworks */,
				A3600805293ACFAB00B1C20F /* FirebaseStorage in Frameworks */,
			);
			runOnlyForDeploymentPostprocessing = 0;
		};
/* End PBXFrameworksBuildPhase section */

/* Begin PBXGroup section */
		A36007DD293ACECF00B1C20F = {
			isa = PBXGroup;
			children = (
				A36007E8293ACECF00B1C20F /* precticaCoppelMo */,
				A36007E7293ACECF00B1C20F /* Products */,
			);
			sourceTree = "<group>";
		};
		A36007E7293ACECF00B1C20F /* Products */ = {
			isa = PBXGroup;
			children = (
				A36007E6293ACECF00B1C20F /* precticaCoppelMo.app */,
			);
			name = Products;
			sourceTree = "<group>";
		};
		A36007E8293ACECF00B1C20F /* precticaCoppelMo */ = {
			isa = PBXGroup;
			children = (
				A360080E293AF41C00B1C20F /* Model */,
				A3600809293AD3E100B1C20F /* View */,
				A3600806293AD11800B1C20F /* ViewModel */,
				A36007E9293ACECF00B1C20F /* AppDelegate.swift */,
				A36007EB293ACECF00B1C20F /* SceneDelegate.swift */,
				A36007ED293ACECF00B1C20F /* ViewController.swift */,
				A36007EF293ACECF00B1C20F /* Main.storyboard */,
				A36007FD293ACF5F00B1C20F /* GoogleService-Info.plist */,
				A36007F2293ACED100B1C20F /* Assets.xcassets */,
				A36007F4293ACED100B1C20F /* LaunchScreen.storyboard */,
				A36007F7293ACED100B1C20F /* Info.plist */,
			);
			path = precticaCoppelMo;
			sourceTree = "<group>";
		};
		A3600806293AD11800B1C20F /* ViewModel */ = {
			isa = PBXGroup;
			children = (
				A3600807293AD12B00B1C20F /* FirebaseViewModel.swift */,
				A3600811293AF4A600B1C20F /* MoviesViewModel.swift */,
			);
			path = ViewModel;
			sourceTree = "<group>";
		};
		A3600809293AD3E100B1C20F /* View */ = {
			isa = PBXGroup;
			children = (
				A360080A293AD3FB00B1C20F /* HomeViewController.swift */,
				A360080C293ADAD200B1C20F /* MenuViewController.swift */,
				A3600815293B0E5F00B1C20F /* HomeMCollectionViewCell.swift */,
				A3E9AE1D293BF6AE005C123B /* PeliculaViewController.swift */,
				A333A477293C67B000ABE5D0 /* FavoritosViewController.swift */,
				A333A479293C69BB00ABE5D0 /* TopRatedViewController.swift */,
				A333A47B293C69DF00ABE5D0 /* UpcomingViewController.swift */,
			);
			path = View;
			sourceTree = "<group>";
		};
		A360080E293AF41C00B1C20F /* Model */ = {
			isa = PBXGroup;
			children = (
				A360080F293AF44700B1C20F /* MovieModel.swift */,
				A355B8DB293C5ACF007E3104 /* FirebaseModel.swift */,
			);
			path = Model;
			sourceTree = "<group>";
		};
/* End PBXGroup section */

/* Begin PBXNativeTarget section */
		A36007E5293ACECF00B1C20F /* precticaCoppelMo */ = {
			isa = PBXNativeTarget;
			buildConfigurationList = A36007FA293ACED100B1C20F /* Build configuration list for PBXNativeTarget "precticaCoppelMo" */;
			buildPhases = (
				A36007E2293ACECF00B1C20F /* Sources */,
				A36007E3293ACECF00B1C20F /* Frameworks */,
				A36007E4293ACECF00B1C20F /* Resources */,
			);
			buildRules = (
			);
			dependencies = (
			);
			name = precticaCoppelMo;
			packageProductDependencies = (
				A3600800293ACFAB00B1C20F /* FirebaseAuth */,
				A3600802293ACFAB00B1C20F /* FirebaseFirestore */,
				A3600804293ACFAB00B1C20F /* FirebaseStorage */,
			);
			productName = precticaCoppelMo;
			productReference = A36007E6293ACECF00B1C20F /* precticaCoppelMo.app */;
			productType = "com.apple.product-type.application";
		};
/* End PBXNativeTarget section */

/* Begin PBXProject section */
		A36007DE293ACECF00B1C20F /* Project object */ = {
			isa = PBXProject;
			attributes = {
				BuildIndependentTargetsInParallel = 1;
				LastSwiftUpdateCheck = 1410;
				LastUpgradeCheck = 1410;
				TargetAttributes = {
					A36007E5293ACECF00B1C20F = {
						CreatedOnToolsVersion = 14.1;
					};
				};
			};
			buildConfigurationList = A36007E1293ACECF00B1C20F /* Build configuration list for PBXProject "precticaCoppelMo" */;
			compatibilityVersion = "Xcode 14.0";
			developmentRegion = en;
			hasScannedForEncodings = 0;
			knownRegions = (
				en,
				Base,
			);
			mainGroup = A36007DD293ACECF00B1C20F;
			packageReferences = (
				A36007FF293ACFAB00B1C20F /* XCRemoteSwiftPackageReference "firebase-ios-sdk" */,
			);
			productRefGroup = A36007E7293ACECF00B1C20F /* Products */;
			projectDirPath = "";
			projectRoot = "";
			targets = (
				A36007E5293ACECF00B1C20F /* precticaCoppelMo */,
			);
		};
/* End PBXProject section */

/* Begin PBXResourcesBuildPhase section */
		A36007E4293ACECF00B1C20F /* Resources */ = {
			isa = PBXResourcesBuildPhase;
			buildActionMask = 2147483647;
			files = (
				A36007F6293ACED100B1C20F /* LaunchScreen.storyboard in Resources */,
				A36007FE293ACF5F00B1C20F /* GoogleService-Info.plist in Resources */,
				A36007F3293ACED100B1C20F /* Assets.xcassets in Resources */,
				A36007F1293ACECF00B1C20F /* Main.storyboard in Resources */,
			);
			runOnlyForDeploymentPostprocessing = 0;
		};
/* End PBXResourcesBuildPhase section */

/* Begin PBXSourcesBuildPhase section */
		A36007E2293ACECF00B1C20F /* Sources */ = {
			isa = PBXSourcesBuildPhase;
			buildActionMask = 2147483647;
			files = (
				A3600810293AF44700B1C20F /* MovieModel.swift in Sources */,
				A360080B293AD3FC00B1C20F /* HomeViewController.swift in Sources */,
				A360080D293ADAD200B1C20F /* MenuViewController.swift in Sources */,
				A355B8DC293C5ACF007E3104 /* FirebaseModel.swift in Sources */,
				A3E9AE1E293BF6AE005C123B /* PeliculaViewController.swift in Sources */,
				A36007EE293ACECF00B1C20F /* ViewController.swift in Sources */,
				A3600808293AD12B00B1C20F /* FirebaseViewModel.swift in Sources */,
				A36007EA293ACECF00B1C20F /* AppDelegate.swift in Sources */,
				A333A478293C67B100ABE5D0 /* FavoritosViewController.swift in Sources */,
				A36007EC293ACECF00B1C20F /* SceneDelegate.swift in Sources */,
				A333A47A293C69BB00ABE5D0 /* TopRatedViewController.swift in Sources */,
				A3600812293AF4A600B1C20F /* MoviesViewModel.swift in Sources */,
				A333A47C293C69DF00ABE5D0 /* UpcomingViewController.swift in Sources */,
				A3600816293B0E5F00B1C20F /* HomeMCollectionViewCell.swift in Sources */,
			);
			runOnlyForDeploymentPostprocessing = 0;
		};
/* End PBXSourcesBuildPhase section */

/* Begin PBXVariantGroup section */
		A36007EF293ACECF00B1C20F /* Main.storyboard */ = {
			isa = PBXVariantGroup;
			children = (
				A36007F0293ACECF00B1C20F /* Base */,
			);
			name = Main.storyboard;
			sourceTree = "<group>";
		};
		A36007F4293ACED100B1C20F /* LaunchScreen.storyboard */ = {
			isa = PBXVariantGroup;
			children = (
				A36007F5293ACED100B1C20F /* Base */,
			);
			name = LaunchScreen.storyboard;
			sourceTree = "<group>";
		};
/* End PBXVariantGroup section */

/* Begin XCBuildConfiguration section */
		A36007F8293ACED100B1C20F /* Debug */ = {
			isa = XCBuildConfiguration;
			buildSettings = {
				ALWAYS_SEARCH_USER_PATHS = NO;
				CLANG_ANALYZER_NONNULL = YES;
				CLANG_ANALYZER_NUMBER_OBJECT_CONVERSION = YES_AGGRESSIVE;
				CLANG_CXX_LANGUAGE_STANDARD = "gnu++20";
				CLANG_ENABLE_MODULES = YES;
				CLANG_ENABLE_OBJC_ARC = YES;
				CLANG_ENABLE_OBJC_WEAK = YES;
				CLANG_WARN_BLOCK_CAPTURE_AUTORELEASING = YES;
				CLANG_WARN_BOOL_CONVERSION = YES;
				CLANG_WARN_COMMA = YES;
				CLANG_WARN_CONSTANT_CONVERSION = YES;
				CLANG_WARN_DEPRECATED_OBJC_IMPLEMENTATIONS = YES;
				CLANG_WARN_DIRECT_OBJC_ISA_USAGE = YES_ERROR;
				CLANG_WARN_DOCUMENTATION_COMMENTS = YES;
				CLANG_WARN_EMPTY_BODY = YES;
				CLANG_WARN_ENUM_CONVERSION = YES;
				CLANG_WARN_INFINITE_RECURSION = YES;
				CLANG_WARN_INT_CONVERSION = YES;
				CLANG_WARN_NON_LITERAL_NULL_CONVERSION = YES;
				CLANG_WARN_OBJC_IMPLICIT_RETAIN_SELF = YES;
				CLANG_WARN_OBJC_LITERAL_CONVERSION = YES;
				CLANG_WARN_OBJC_ROOT_CLASS = YES_ERROR;
				CLANG_WARN_QUOTED_INCLUDE_IN_FRAMEWORK_HEADER = YES;
				CLANG_WARN_RANGE_LOOP_ANALYSIS = YES;
				CLANG_WARN_STRICT_PROTOTYPES = YES;
				CLANG_WARN_SUSPICIOUS_MOVE = YES;
				CLANG_WARN_UNGUARDED_AVAILABILITY = YES_AGGRESSIVE;
				CLANG_WARN_UNREACHABLE_CODE = YES;
				CLANG_WARN__DUPLICATE_METHOD_MATCH = YES;
				COPY_PHASE_STRIP = NO;
				DEBUG_INFORMATION_FORMAT = dwarf;
				ENABLE_STRICT_OBJC_MSGSEND = YES;
				ENABLE_TESTABILITY = YES;
				GCC_C_LANGUAGE_STANDARD = gnu11;
				GCC_DYNAMIC_NO_PIC = NO;
				GCC_NO_COMMON_BLOCKS = YES;
				GCC_OPTIMIZATION_LEVEL = 0;
				GCC_PREPROCESSOR_DEFINITIONS = (
					"DEBUG=1",
					"$(inherited)",
				);
				GCC_WARN_64_TO_32_BIT_CONVERSION = YES;
				GCC_WARN_ABOUT_RETURN_TYPE = YES_ERROR;
				GCC_WARN_UNDECLARED_SELECTOR = YES;
				GCC_WARN_UNINITIALIZED_AUTOS = YES_AGGRESSIVE;
				GCC_WARN_UNUSED_FUNCTION = YES;
				GCC_WARN_UNUSED_VARIABLE = YES;
				IPHONEOS_DEPLOYMENT_TARGET = 15.0;
				MTL_ENABLE_DEBUG_INFO = INCLUDE_SOURCE;
				MTL_FAST_MATH = YES;
				ONLY_ACTIVE_ARCH = YES;
				SDKROOT = iphoneos;
				SWIFT_ACTIVE_COMPILATION_CONDITIONS = DEBUG;
				SWIFT_OPTIMIZATION_LEVEL = "-Onone";
			};
			name = Debug;
		};
		A36007F9293ACED100B1C20F /* Release */ = {
			isa = XCBuildConfiguration;
			buildSettings = {
				ALWAYS_SEARCH_USER_PATHS = NO;
				CLANG_ANALYZER_NONNULL = YES;
				CLANG_ANALYZER_NUMBER_OBJECT_CONVERSION = YES_AGGRESSIVE;
				CLANG_CXX_LANGUAGE_STANDARD = "gnu++20";
				CLANG_ENABLE_MODULES = YES;
				CLANG_ENABLE_OBJC_ARC = YES;
				CLANG_ENABLE_OBJC_WEAK = YES;
				CLANG_WARN_BLOCK_CAPTURE_AUTORELEASING = YES;
				CLANG_WARN_BOOL_CONVERSION = YES;
				CLANG_WARN_COMMA = YES;
				CLANG_WARN_CONSTANT_CONVERSION = YES;
				CLANG_WARN_DEPRECATED_OBJC_IMPLEMENTATIONS = YES;
				CLANG_WARN_DIRECT_OBJC_ISA_USAGE = YES_ERROR;
				CLANG_WARN_DOCUMENTATION_COMMENTS = YES;
				CLANG_WARN_EMPTY_BODY = YES;
				CLANG_WARN_ENUM_CONVERSION = YES;
				CLANG_WARN_INFINITE_RECURSION = YES;
				CLANG_WARN_INT_CONVERSION = YES;
				CLANG_WARN_NON_LITERAL_NULL_CONVERSION = YES;
				CLANG_WARN_OBJC_IMPLICIT_RETAIN_SELF = YES;
				CLANG_WARN_OBJC_LITERAL_CONVERSION = YES;
				CLANG_WARN_OBJC_ROOT_CLASS = YES_ERROR;
				CLANG_WARN_QUOTED_INCLUDE_IN_FRAMEWORK_HEADER = YES;
				CLANG_WARN_RANGE_LOOP_ANALYSIS = YES;
				CLANG_WARN_STRICT_PROTOTYPES = YES;
				CLANG_WARN_SUSPICIOUS_MOVE = YES;
				CLANG_WARN_UNGUARDED_AVAILABILITY = YES_AGGRESSIVE;
				CLANG_WARN_UNREACHABLE_CODE = YES;
				CLANG_WARN__DUPLICATE_METHOD_MATCH = YES;
				COPY_PHASE_STRIP = NO;
				DEBUG_INFORMATION_FORMAT = "dwarf-with-dsym";
				ENABLE_NS_ASSERTIONS = NO;
				ENABLE_STRICT_OBJC_MSGSEND = YES;
				GCC_C_LANGUAGE_STANDARD = gnu11;
				GCC_NO_COMMON_BLOCKS = YES;
				GCC_WARN_64_TO_32_BIT_CONVERSION = YES;
				GCC_WARN_ABOUT_RETURN_TYPE = YES_ERROR;
				GCC_WARN_UNDECLARED_SELECTOR = YES;
				GCC_WARN_UNINITIALIZED_AUTOS = YES_AGGRESSIVE;
				GCC_WARN_UNUSED_FUNCTION = YES;
				GCC_WARN_UNUSED_VARIABLE = YES;
				IPHONEOS_DEPLOYMENT_TARGET = 15.0;
				MTL_ENABLE_DEBUG_INFO = NO;
				MTL_FAST_MATH = YES;
				SDKROOT = iphoneos;
				SWIFT_COMPILATION_MODE = wholemodule;
				SWIFT_OPTIMIZATION_LEVEL = "-O";
				VALIDATE_PRODUCT = YES;
			};
			name = Release;
		};
		A36007FB293ACED100B1C20F /* Debug */ = {
			isa = XCBuildConfiguration;
			buildSettings = {
				ASSETCATALOG_COMPILER_APPICON_NAME = AppIcon;
				ASSETCATALOG_COMPILER_GLOBAL_ACCENT_COLOR_NAME = AccentColor;
				CODE_SIGN_STYLE = Automatic;
				CURRENT_PROJECT_VERSION = 1;
				DEVELOPMENT_TEAM = D55Y8HMCBG;
				GENERATE_INFOPLIST_FILE = YES;
				INFOPLIST_FILE = precticaCoppelMo/Info.plist;
				INFOPLIST_KEY_UIApplicationSupportsIndirectInputEvents = YES;
				INFOPLIST_KEY_UILaunchStoryboardName = LaunchScreen;
				INFOPLIST_KEY_UIMainStoryboardFile = Main;
				INFOPLIST_KEY_UISupportedInterfaceOrientations_iPad = "UIInterfaceOrientationPortrait UIInterfaceOrientationPortraitUpsideDown UIInterfaceOrientationLandscapeLeft UIInterfaceOrientationLandscapeRight";
				INFOPLIST_KEY_UISupportedInterfaceOrientations_iPhone = "UIInterfaceOrientationPortrait UIInterfaceOrientationLandscapeLeft UIInterfaceOrientationLandscapeRight";
				LD_RUNPATH_SEARCH_PATHS = (
					"$(inherited)",
					"@executable_path/Frameworks",
				);
				MARKETING_VERSION = 1.0;
				PRODUCT_BUNDLE_IDENTIFIER = jesusgrimaldo.precticaCoppelMo;
				PRODUCT_NAME = "$(TARGET_NAME)";
				SWIFT_EMIT_LOC_STRINGS = YES;
				SWIFT_VERSION = 5.0;
				TARGETED_DEVICE_FAMILY = "1,2";
			};
			name = Debug;
		};
		A36007FC293ACED100B1C20F /* Release */ = {
			isa = XCBuildConfiguration;
			buildSettings = {
				ASSETCATALOG_COMPILER_APPICON_NAME = AppIcon;
				ASSETCATALOG_COMPILER_GLOBAL_ACCENT_COLOR_NAME = AccentColor;
				CODE_SIGN_STYLE = Automatic;
				CURRENT_PROJECT_VERSION = 1;
				DEVELOPMENT_TEAM = D55Y8HMCBG;
				GENERATE_INFOPLIST_FILE = YES;
				INFOPLIST_FILE = precticaCoppelMo/Info.plist;
				INFOPLIST_KEY_UIApplicationSupportsIndirectInputEvents = YES;
				INFOPLIST_KEY_UILaunchStoryboardName = LaunchScreen;
				INFOPLIST_KEY_UIMainStoryboardFile = Main;
				INFOPLIST_KEY_UISupportedInterfaceOrientations_iPad = "UIInterfaceOrientationPortrait UIInterfaceOrientationPortraitUpsideDown UIInterfaceOrientationLandscapeLeft UIInterfaceOrientationLandscapeRight";
				INFOPLIST_KEY_UISupportedInterfaceOrientations_iPhone = "UIInterfaceOrientationPortrait UIInterfaceOrientationLandscapeLeft UIInterfaceOrientationLandscapeRight";
				LD_RUNPATH_SEARCH_PATHS = (
					"$(inherited)",
					"@executable_path/Frameworks",
				);
				MARKETING_VERSION = 1.0;
				PRODUCT_BUNDLE_IDENTIFIER = jesusgrimaldo.precticaCoppelMo;
				PRODUCT_NAME = "$(TARGET_NAME)";
				SWIFT_EMIT_LOC_STRINGS = YES;
				SWIFT_VERSION = 5.0;
				TARGETED_DEVICE_FAMILY = "1,2";
			};
			name = Release;
		};
/* End XCBuildConfiguration section */

/* Begin XCConfigurationList section */
		A36007E1293ACECF00B1C20F /* Build configuration list for PBXProject "precticaCoppelMo" */ = {
			isa = XCConfigurationList;
			buildConfigurations = (
				A36007F8293ACED100B1C20F /* Debug */,
				A36007F9293ACED100B1C20F /* Release */,
			);
			defaultConfigurationIsVisible = 0;
			defaultConfigurationName = Release;
		};
		A36007FA293ACED100B1C20F /* Build configuration list for PBXNativeTarget "precticaCoppelMo" */ = {
			isa = XCConfigurationList;
			buildConfigurations = (
				A36007FB293ACED100B1C20F /* Debug */,
				A36007FC293ACED100B1C20F /* Release */,
			);
			defaultConfigurationIsVisible = 0;
			defaultConfigurationName = Release;
		};
/* End XCConfigurationList section */

/* Begin XCRemoteSwiftPackageReference section */
		A36007FF293ACFAB00B1C20F /* XCRemoteSwiftPackageReference "firebase-ios-sdk" */ = {
			isa = XCRemoteSwiftPackageReference;
			repositoryURL = "https://github.com/firebase/firebase-ios-sdk";
			requirement = {
				branch = master;
				kind = branch;
			};
		};
/* End XCRemoteSwiftPackageReference section */

/* Begin XCSwiftPackageProductDependency section */
		A3600800293ACFAB00B1C20F /* FirebaseAuth */ = {
			isa = XCSwiftPackageProductDependency;
			package = A36007FF293ACFAB00B1C20F /* XCRemoteSwiftPackageReference "firebase-ios-sdk" */;
			productName = FirebaseAuth;
		};
		A3600802293ACFAB00B1C20F /* FirebaseFirestore */ = {
			isa = XCSwiftPackageProductDependency;
			package = A36007FF293ACFAB00B1C20F /* XCRemoteSwiftPackageReference "firebase-ios-sdk" */;
			productName = FirebaseFirestore;
		};
		A3600804293ACFAB00B1C20F /* FirebaseStorage */ = {
			isa = XCSwiftPackageProductDependency;
			package = A36007FF293ACFAB00B1C20F /* XCRemoteSwiftPackageReference "firebase-ios-sdk" */;
			productName = FirebaseStorage;
		};
/* End XCSwiftPackageProductDependency section */
	};
	rootObject = A36007DE293ACECF00B1C20F /* Project object */;
}
